
Microsoft Visual Studio Solution File, Format Version 12.00
# Visual Studio Version 17
VisualStudioVersion = 17.13.35806.99 d17.13
MinimumVisualStudioVersion = 10.0.40219.1
Project("{FAE04EC0-301F-11D3-BF4B-00C04F79EFBC}") = "homeworkStankin4", "homeworkStankin4\homeworkStankin4.csproj", "{332E9C21-0E45-42F5-9A96-CFBBA0F5F621}"
EndProject
Global
	GlobalSection(SolutionConfigurationPlatforms) = preSolution
		Debug|Any CPU = Debug|Any CPU
		Release|Any CPU = Release|Any CPU
	EndGlobalSection
	GlobalSection(ProjectConfigurationPlatforms) = postSolution
		{332E9C21-0E45-42F5-9A96-CFBBA0F5F621}.Debug|Any CPU.ActiveCfg = Debug|Any CPU
		{332E9C21-0E45-42F5-9A96-CFBBA0F5F621}.Debug|Any CPU.Build.0 = Debug|Any CPU
		{332E9C21-0E45-42F5-9A96-CFBBA0F5F621}.Release|Any CPU.ActiveCfg = Release|Any CPU
		{332E9C21-0E45-42F5-9A96-CFBBA0F5F621}.Release|Any CPU.Build.0 = Release|Any CPU
	EndGlobalSection
	GlobalSection(SolutionProperties) = preSolution
		HideSolutionNode = FALSE
	EndGlobalSection
	GlobalSection(ExtensibilityGlobals) = postSolution
		SolutionGuid = {C7DD7D48-782D-4E95-8E67-6F00A885DF6C}
	EndGlobalSection
EndGlobal
